{
  "lockfileVersion": 1,
  "dependencies": {
    "prerender-node": {
      "version": "3.4.1",
      "resolved": "https://registry.npmjs.org/prerender-node/-/prerender-node-3.4.1.tgz",
      "integrity": "sha512-gcR5ykf8mYewdI2SBcfjgm11AcS6QZyW/vJwD7uSivA1qV5nUvku7Kw9+cukQTKn746efTEjQxIlM787esOJ0w=="
    }
  }
}
