{
  "lockfileVersion": 1,
  "dependencies": {
    "prerender-node": {
      "version": "3.5.0",
      "resolved": "https://registry.npmjs.org/prerender-node/-/prerender-node-3.5.0.tgz",
      "integrity": "sha512-sx+ONyy3meEPmlixmeezcOSNg45Z9hzlUN5R6STPHzllWtf5EUBWh6lRV8/29IzPI+VWqIJ32EeV/5JbjvbSKg=="
    }
  }
}
