{
  "lockfileVersion": 1,
  "dependencies": {
    "prerender-node": {
      "version": "3.7.0",
      "resolved": "https://registry.npmjs.org/prerender-node/-/prerender-node-3.7.0.tgz",
      "integrity": "sha512-FuhXsH0RIjxMbR/K/+S6lpnFu+lgkYd7Vy9qTob2Tp7h7p7n1NYmslPpCEz8xLYwIMgbU9vrTOoxXy5/gRY8mA=="
    }
  }
}
